
Microsoft Visual Studio Solution File, Format Version 12.00
# Visual Studio Version 16
VisualStudioVersion = 16.0.29306.81
MinimumVisualStudioVersion = 10.0.40219.1
Project("{FAE04EC0-301F-11D3-BF4B-00C04F79EFBC}") = "Server", "Server\Server.csproj", "{00B1E983-7BD4-49C8-970C-1FB96B9F3096}"
EndProject
Project("{FAE04EC0-301F-11D3-BF4B-00C04F79EFBC}") = "Client", "Client\Client.csproj", "{A34AC3C6-AB29-4E1A-A02A-7DEF6F2AFAF7}"
EndProject
Project("{FAE04EC0-301F-11D3-BF4B-00C04F79EFBC}") = "ClientUI", "ClientUI\ClientUI.csproj", "{684017B4-2F1A-477D-BF9C-02717A1BED69}"
EndProject
Project("{FAE04EC0-301F-11D3-BF4B-00C04F79EFBC}") = "Testy", "Testy\Testy.csproj", "{CCF33653-ECC7-491C-8CA0-214342B51B34}"
EndProject
Global
	GlobalSection(SolutionConfigurationPlatforms) = preSolution
		Debug|Any CPU = Debug|Any CPU
		Release|Any CPU = Release|Any CPU
	EndGlobalSection
	GlobalSection(ProjectConfigurationPlatforms) = postSolution
		{00B1E983-7BD4-49C8-970C-1FB96B9F3096}.Debug|Any CPU.ActiveCfg = Debug|Any CPU
		{00B1E983-7BD4-49C8-970C-1FB96B9F3096}.Debug|Any CPU.Build.0 = Debug|Any CPU
		{00B1E983-7BD4-49C8-970C-1FB96B9F3096}.Release|Any CPU.ActiveCfg = Release|Any CPU
		{00B1E983-7BD4-49C8-970C-1FB96B9F3096}.Release|Any CPU.Build.0 = Release|Any CPU
		{A34AC3C6-AB29-4E1A-A02A-7DEF6F2AFAF7}.Debug|Any CPU.ActiveCfg = Debug|Any CPU
		{A34AC3C6-AB29-4E1A-A02A-7DEF6F2AFAF7}.Debug|Any CPU.Build.0 = Debug|Any CPU
		{A34AC3C6-AB29-4E1A-A02A-7DEF6F2AFAF7}.Release|Any CPU.ActiveCfg = Release|Any CPU
		{A34AC3C6-AB29-4E1A-A02A-7DEF6F2AFAF7}.Release|Any CPU.Build.0 = Release|Any CPU
		{684017B4-2F1A-477D-BF9C-02717A1BED69}.Debug|Any CPU.ActiveCfg = Debug|Any CPU
		{684017B4-2F1A-477D-BF9C-02717A1BED69}.Debug|Any CPU.Build.0 = Debug|Any CPU
		{684017B4-2F1A-477D-BF9C-02717A1BED69}.Release|Any CPU.ActiveCfg = Release|Any CPU
		{684017B4-2F1A-477D-BF9C-02717A1BED69}.Release|Any CPU.Build.0 = Release|Any CPU
		{CCF33653-ECC7-491C-8CA0-214342B51B34}.Debug|Any CPU.ActiveCfg = Debug|Any CPU
		{CCF33653-ECC7-491C-8CA0-214342B51B34}.Debug|Any CPU.Build.0 = Debug|Any CPU
		{CCF33653-ECC7-491C-8CA0-214342B51B34}.Release|Any CPU.ActiveCfg = Release|Any CPU
		{CCF33653-ECC7-491C-8CA0-214342B51B34}.Release|Any CPU.Build.0 = Release|Any CPU
	EndGlobalSection
	GlobalSection(SolutionProperties) = preSolution
		HideSolutionNode = FALSE
	EndGlobalSection
	GlobalSection(ExtensibilityGlobals) = postSolution
		SolutionGuid = {0A6D76F0-BC15-493D-8185-A969B845CC35}
	EndGlobalSection
EndGlobal
